
Microsoft Visual Studio Solution File, Format Version 12.00
# Visual Studio 15
VisualStudioVersion = 15.0.28307.1231
MinimumVisualStudioVersion = 10.0.40219.1
Project("{FAE04EC0-301F-11D3-BF4B-00C04F79EFBC}") = "Mis Direcciones", "Mis Direcciones\Mis Direcciones.csproj", "{55F353C1-DF63-4534-84E4-09A747CE53D4}"
EndProject
Project("{FAE04EC0-301F-11D3-BF4B-00C04F79EFBC}") = "Login", "Login\Login.csproj", "{CCD603E1-5568-4439-B013-099726DE7756}"
EndProject
Project("{FAE04EC0-301F-11D3-BF4B-00C04F79EFBC}") = "DatosFiscales", "DatosFiscales\DatosFiscales.csproj", "{95908F62-D2C4-49E4-B7ED-B0F0E0FA3BD0}"
EndProject
Project("{2150E333-8FDC-42A3-9474-1A3956D46DE8}") = "Solution Items", "Solution Items", "{59F09530-0F2F-4EDE-AECC-3424991B037B}"
	ProjectSection(SolutionItems) = preProject
		ApkURL.cs = ApkURL.cs
	EndProjectSection
EndProject
Global
	GlobalSection(SolutionConfigurationPlatforms) = preSolution
		Debug|Any CPU = Debug|Any CPU
		Release|Any CPU = Release|Any CPU
	EndGlobalSection
	GlobalSection(ProjectConfigurationPlatforms) = postSolution
		{55F353C1-DF63-4534-84E4-09A747CE53D4}.Debug|Any CPU.ActiveCfg = Debug|Any CPU
		{55F353C1-DF63-4534-84E4-09A747CE53D4}.Debug|Any CPU.Build.0 = Debug|Any CPU
		{55F353C1-DF63-4534-84E4-09A747CE53D4}.Release|Any CPU.ActiveCfg = Release|Any CPU
		{55F353C1-DF63-4534-84E4-09A747CE53D4}.Release|Any CPU.Build.0 = Release|Any CPU
		{CCD603E1-5568-4439-B013-099726DE7756}.Debug|Any CPU.ActiveCfg = Debug|Any CPU
		{CCD603E1-5568-4439-B013-099726DE7756}.Debug|Any CPU.Build.0 = Debug|Any CPU
		{CCD603E1-5568-4439-B013-099726DE7756}.Release|Any CPU.ActiveCfg = Release|Any CPU
		{CCD603E1-5568-4439-B013-099726DE7756}.Release|Any CPU.Build.0 = Release|Any CPU
		{95908F62-D2C4-49E4-B7ED-B0F0E0FA3BD0}.Debug|Any CPU.ActiveCfg = Debug|Any CPU
		{95908F62-D2C4-49E4-B7ED-B0F0E0FA3BD0}.Debug|Any CPU.Build.0 = Debug|Any CPU
		{95908F62-D2C4-49E4-B7ED-B0F0E0FA3BD0}.Release|Any CPU.ActiveCfg = Release|Any CPU
		{95908F62-D2C4-49E4-B7ED-B0F0E0FA3BD0}.Release|Any CPU.Build.0 = Release|Any CPU
	EndGlobalSection
	GlobalSection(SolutionProperties) = preSolution
		HideSolutionNode = FALSE
	EndGlobalSection
	GlobalSection(ExtensibilityGlobals) = postSolution
		SolutionGuid = {825F83A7-8D98-49CF-8697-36F149EE0B18}
	EndGlobalSection
EndGlobal
